// !$*UTF8*$!
{
	archiveVersion = 1;
	classes = {
	};
	objectVersion = 50;
	objects = {

/* Begin PBXBuildFile section */
		71AD56E043F60D964C14CC7C /* Pods_AlertApp.framework in Frameworks */ = {isa = PBXBuildFile; fileRef = 85BBA746BA54CAFC256DB0D3 /* Pods_AlertApp.framework */; };
		D89D392D2AC4288C0026FBFB /* AppDelegate.swift in Sources */ = {isa = PBXBuildFile; fileRef = D89D392C2AC4288C0026FBFB /* AppDelegate.swift */; };
		D89D392F2AC4288C0026FBFB /* SceneDelegate.swift in Sources */ = {isa = PBXBuildFile; fileRef = D89D392E2AC4288C0026FBFB /* SceneDelegate.swift */; };
		D89D39312AC4288C0026FBFB /* ViewController.swift in Sources */ = {isa = PBXBuildFile; fileRef = D89D39302AC4288C0026FBFB /* ViewController.swift */; };
		D89D39342AC4288C0026FBFB /* Main.storyboard in Resources */ = {isa = PBXBuildFile; fileRef = D89D39322AC4288C0026FBFB /* Main.storyboard */; };
		D89D39362AC4288E0026FBFB /* Assets.xcassets in Resources */ = {isa = PBXBuildFile; fileRef = D89D39352AC4288E0026FBFB /* Assets.xcassets */; };
		D89D39392AC4288E0026FBFB /* LaunchScreen.storyboard in Resources */ = {isa = PBXBuildFile; fileRef = D89D39372AC4288E0026FBFB /* LaunchScreen.storyboard */; };
/* End PBXBuildFile section */

/* Begin PBXFileReference section */
		85BBA746BA54CAFC256DB0D3 /* Pods_AlertApp.framework */ = {isa = PBXFileReference; explicitFileType = wrapper.framework; includeInIndex = 0; path = Pods_AlertApp.framework; sourceTree = BUILT_PRODUCTS_DIR; };
		BC1657C34FB908348C8A4E6C /* Pods-AlertApp.debug.xcconfig */ = {isa = PBXFileReference; includeInIndex = 1; lastKnownFileType = text.xcconfig; name = "Pods-AlertApp.debug.xcconfig"; path = "Target Support Files/Pods-AlertApp/Pods-AlertApp.debug.xcconfig"; sourceTree = "<group>"; };
		D89D39292AC4288C0026FBFB /* AlertApp.app */ = {isa = PBXFileReference; explicitFileType = wrapper.application; includeInIndex = 0; path = AlertApp.app; sourceTree = BUILT_PRODUCTS_DIR; };
		D89D392C2AC4288C0026FBFB /* AppDelegate.swift */ = {isa = PBXFileReference; lastKnownFileType = sourcecode.swift; path = AppDelegate.swift; sourceTree = "<group>"; };
		D89D392E2AC4288C0026FBFB /* SceneDelegate.swift */ = {isa = PBXFileReference; lastKnownFileType = sourcecode.swift; path = SceneDelegate.swift; sourceTree = "<group>"; };
		D89D39302AC4288C0026FBFB /* ViewController.swift */ = {isa = PBXFileReference; lastKnownFileType = sourcecode.swift; path = ViewController.swift; sourceTree = "<group>"; };
		D89D39332AC4288C0026FBFB /* Base */ = {isa = PBXFileReference; lastKnownFileType = file.storyboard; name = Base; path = Base.lproj/Main.storyboard; sourceTree = "<group>"; };
		D89D39352AC4288E0026FBFB /* Assets.xcassets */ = {isa = PBXFileReference; lastKnownFileType = folder.assetcatalog; path = Assets.xcassets; sourceTree = "<group>"; };
		D89D39382AC4288E0026FBFB /* Base */ = {isa = PBXFileReference; lastKnownFileType = file.storyboard; name = Base; path = Base.lproj/LaunchScreen.storyboard; sourceTree = "<group>"; };
		D89D393A2AC4288E0026FBFB /* Info.plist */ = {isa = PBXFileReference; lastKnownFileType = text.plist.xml; path = Info.plist; sourceTree = "<group>"; };
		ED69C7E711764977B5CEF8C4 /* Pods-AlertApp.release.xcconfig */ = {isa = PBXFileReference; includeInIndex = 1; lastKnownFileType = text.xcconfig; name = "Pods-AlertApp.release.xcconfig"; path = "Target Support Files/Pods-AlertApp/Pods-AlertApp.release.xcconfig"; sourceTree = "<group>"; };
/* End PBXFileReference section */

/* Begin PBXFrameworksBuildPhase section */
		D89D39262AC4288C0026FBFB /* Frameworks */ = {
			isa = PBXFrameworksBuildPhase;
			buildActionMask = 2147483647;
			files = (
				71AD56E043F60D964C14CC7C /* Pods_AlertApp.framework in Frameworks */,
			);
			runOnlyForDeploymentPostprocessing = 0;
		};
/* End PBXFrameworksBuildPhase section */

/* Begin PBXGroup section */
		81EE3EDE0EDD8C6C7095C166 /* Frameworks */ = {
			isa = PBXGroup;
			children = (
				85BBA746BA54CAFC256DB0D3 /* Pods_AlertApp.framework */,
			);
			name = Frameworks;
			sourceTree = "<group>";
		};
		AF6C04AC7DE8138D78C1350D /* Pods */ = {
			isa = PBXGroup;
			children = (
				BC1657C34FB908348C8A4E6C /* Pods-AlertApp.debug.xcconfig */,
				ED69C7E711764977B5CEF8C4 /* Pods-AlertApp.release.xcconfig */,
			);
			name = Pods;
			path = Pods;
			sourceTree = "<group>";
		};
		D89D39202AC4288C0026FBFB = {
			isa = PBXGroup;
			children = (
				D89D392B2AC4288C0026FBFB /* AlertApp */,
				D89D392A2AC4288C0026FBFB /* Products */,
				AF6C04AC7DE8138D78C1350D /* Pods */,
				81EE3EDE0EDD8C6C7095C166 /* Frameworks */,
			);
			sourceTree = "<group>";
		};
		D89D392A2AC4288C0026FBFB /* Products */ = {
			isa = PBXGroup;
			children = (
				D89D39292AC4288C0026FBFB /* AlertApp.app */,
			);
			name = Products;
			sourceTree = "<group>";
		};
		D89D392B2AC4288C0026FBFB /* AlertApp */ = {
			isa = PBXGroup;
			children = (
				D89D392C2AC4288C0026FBFB /* AppDelegate.swift */,
				D89D392E2AC4288C0026FBFB /* SceneDelegate.swift */,
				D89D39302AC4288C0026FBFB /* ViewController.swift */,
				D89D39322AC4288C0026FBFB /* Main.storyboard */,
				D89D39352AC4288E0026FBFB /* Assets.xcassets */,
				D89D39372AC4288E0026FBFB /* LaunchScreen.storyboard */,
				D89D393A2AC4288E0026FBFB /* Info.plist */,
			);
			path = AlertApp;
			sourceTree = "<group>";
		};
/* End PBXGroup section */

/* Begin PBXNativeTarget section */
		D89D39282AC4288C0026FBFB /* AlertApp */ = {
			isa = PBXNativeTarget;
			buildConfigurationList = D89D393D2AC4288E0026FBFB /* Build configuration list for PBXNativeTarget "AlertApp" */;
			buildPhases = (
				C5D1E2D9D00F4EE8ACE9D4B2 /* [CP] Check Pods Manifest.lock */,
				D89D39252AC4288C0026FBFB /* Sources */,
				D89D39262AC4288C0026FBFB /* Frameworks */,
				D89D39272AC4288C0026FBFB /* Resources */,
				CDBA27A1745FF3E2F738F70A /* [CP] Embed Pods Frameworks */,
			);
			buildRules = (
			);
			dependencies = (
			);
			name = AlertApp;
			productName = AlertApp;
			productReference = D89D39292AC4288C0026FBFB /* AlertApp.app */;
			productType = "com.apple.product-type.application";
		};
/* End PBXNativeTarget section */

/* Begin PBXProject section */
		D89D39212AC4288C0026FBFB /* Project object */ = {
			isa = PBXProject;
			attributes = {
				LastSwiftUpdateCheck = 1240;
				LastUpgradeCheck = 1240;
				TargetAttributes = {
					D89D39282AC4288C0026FBFB = {
						CreatedOnToolsVersion = 12.4;
					};
				};
			};
			buildConfigurationList = D89D39242AC4288C0026FBFB /* Build configuration list for PBXProject "AlertApp" */;
			compatibilityVersion = "Xcode 9.3";
			developmentRegion = en;
			hasScannedForEncodings = 0;
			knownRegions = (
				en,
				Base,
			);
			mainGroup = D89D39202AC4288C0026FBFB;
			productRefGroup = D89D392A2AC4288C0026FBFB /* Products */;
			projectDirPath = "";
			projectRoot = "";
			targets = (
				D89D39282AC4288C0026FBFB /* AlertApp */,
			);
		};
/* End PBXProject section */

/* Begin PBXResourcesBuildPhase section */
		D89D39272AC4288C0026FBFB /* Resources */ = {
			isa = PBXResourcesBuildPhase;
			buildActionMask = 2147483647;
			files = (
				D89D39392AC4288E0026FBFB /* LaunchScreen.storyboard in Resources */,
				D89D39362AC4288E0026FBFB /* Assets.xcassets in Resources */,
				D89D39342AC4288C0026FBFB /* Main.storyboard in Resources */,
			);
			runOnlyForDeploymentPostprocessing = 0;
		};
/* End PBXResourcesBuildPhase section */

/* Begin PBXShellScriptBuildPhase section */
		C5D1E2D9D00F4EE8ACE9D4B2 /* [CP] Check Pods Manifest.lock */ = {
			isa = PBXShellScriptBuildPhase;
			buildActionMask = 2147483647;
			files = (
			);
			inputFileListPaths = (
			);
			inputPaths = (
				"${PODS_PODFILE_DIR_PATH}/Podfile.lock",
				"${PODS_ROOT}/Manifest.lock",
			);
			name = "[CP] Check Pods Manifest.lock";
			outputFileListPaths = (
			);
			outputPaths = (
				"$(DERIVED_FILE_DIR)/Pods-AlertApp-checkManifestLockResult.txt",
			);
			runOnlyForDeploymentPostprocessing = 0;
			shellPath = /bin/sh;
			shellScript = "diff \"${PODS_PODFILE_DIR_PATH}/Podfile.lock\" \"${PODS_ROOT}/Manifest.lock\" > /dev/null\nif [ $? != 0 ] ; then\n    # print error to STDERR\n    echo \"error: The sandbox is not in sync with the Podfile.lock. Run 'pod install' or update your CocoaPods installation.\" >&2\n    exit 1\nfi\n# This output is used by Xcode 'outputs' to avoid re-running this script phase.\necho \"SUCCESS\" > \"${SCRIPT_OUTPUT_FILE_0}\"\n";
			showEnvVarsInLog = 0;
		};
		CDBA27A1745FF3E2F738F70A /* [CP] Embed Pods Frameworks */ = {
			isa = PBXShellScriptBuildPhase;
			buildActionMask = 2147483647;
			files = (
			);
			inputFileListPaths = (
				"${PODS_ROOT}/Target Support Files/Pods-AlertApp/Pods-AlertApp-frameworks-${CONFIGURATION}-input-files.xcfilelist",
			);
			name = "[CP] Embed Pods Frameworks";
			outputFileListPaths = (
				"${PODS_ROOT}/Target Support Files/Pods-AlertApp/Pods-AlertApp-frameworks-${CONFIGURATION}-output-files.xcfilelist",
			);
			runOnlyForDeploymentPostprocessing = 0;
			shellPath = /bin/sh;
			shellScript = "\"${PODS_ROOT}/Target Support Files/Pods-AlertApp/Pods-AlertApp-frameworks.sh\"\n";
			showEnvVarsInLog = 0;
		};
/* End PBXShellScriptBuildPhase section */

/* Begin PBXSourcesBuildPhase section */
		D89D39252AC4288C0026FBFB /* Sources */ = {
			isa = PBXSourcesBuildPhase;
			buildActionMask = 2147483647;
			files = (
				D89D39312AC4288C0026FBFB /* ViewController.swift in Sources */,
				D89D392D2AC4288C0026FBFB /* AppDelegate.swift in Sources */,
				D89D392F2AC4288C0026FBFB /* SceneDelegate.swift in Sources */,
			);
			runOnlyForDeploymentPostprocessing = 0;
		};
/* End PBXSourcesBuildPhase section */

/* Begin PBXVariantGroup section */
		D89D39322AC4288C0026FBFB /* Main.storyboard */ = {
			isa = PBXVariantGroup;
			children = (
				D89D39332AC4288C0026FBFB /* Base */,
			);
			name = Main.storyboard;
			sourceTree = "<group>";
		};
		D89D39372AC4288E0026FBFB /* LaunchScreen.storyboard */ = {
			isa = PBXVariantGroup;
			children = (
				D89D39382AC4288E0026FBFB /* Base */,
			);
			name = LaunchScreen.storyboard;
			sourceTree = "<group>";
		};
/* End PBXVariantGroup section */

/* Begin XCBuildConfiguration section */
		D89D393B2AC4288E0026FBFB /* Debug */ = {
			isa = XCBuildConfiguration;
			buildSettings = {
				ALWAYS_SEARCH_USER_PATHS = NO;
				CLANG_ANALYZER_NONNULL = YES;
				CLANG_ANALYZER_NUMBER_OBJECT_CONVERSION = YES_AGGRESSIVE;
				CLANG_CXX_LANGUAGE_STANDARD = "gnu++14";
				CLANG_CXX_LIBRARY = "libc++";
				CLANG_ENABLE_MODULES = YES;
				CLANG_ENABLE_OBJC_ARC = YES;
				CLANG_ENABLE_OBJC_WEAK = YES;
				CLANG_WARN_BLOCK_CAPTURE_AUTORELEASING = YES;
				CLANG_WARN_BOOL_CONVERSION = YES;
				CLANG_WARN_COMMA = YES;
				CLANG_WARN_CONSTANT_CONVERSION = YES;
				CLANG_WARN_DEPRECATED_OBJC_IMPLEMENTATIONS = YES;
				CLANG_WARN_DIRECT_OBJC_ISA_USAGE = YES_ERROR;
				CLANG_WARN_DOCUMENTATION_COMMENTS = YES;
				CLANG_WARN_EMPTY_BODY = YES;
				CLANG_WARN_ENUM_CONVERSION = YES;
				CLANG_WARN_INFINITE_RECURSION = YES;
				CLANG_WARN_INT_CONVERSION = YES;
				CLANG_WARN_NON_LITERAL_NULL_CONVERSION = YES;
				CLANG_WARN_OBJC_IMPLICIT_RETAIN_SELF = YES;
				CLANG_WARN_OBJC_LITERAL_CONVERSION = YES;
				CLANG_WARN_OBJC_ROOT_CLASS = YES_ERROR;
				CLANG_WARN_QUOTED_INCLUDE_IN_FRAMEWORK_HEADER = YES;
				CLANG_WARN_RANGE_LOOP_ANALYSIS = YES;
				CLANG_WARN_STRICT_PROTOTYPES = YES;
				CLANG_WARN_SUSPICIOUS_MOVE = YES;
				CLANG_WARN_UNGUARDED_AVAILABILITY = YES_AGGRESSIVE;
				CLANG_WARN_UNREACHABLE_CODE = YES;
				CLANG_WARN__DUPLICATE_METHOD_MATCH = YES;
				COPY_PHASE_STRIP = NO;
				DEBUG_INFORMATION_FORMAT = dwarf;
				ENABLE_STRICT_OBJC_MSGSEND = YES;
				ENABLE_TESTABILITY = YES;
				GCC_C_LANGUAGE_STANDARD = gnu11;
				GCC_DYNAMIC_NO_PIC = NO;
				GCC_NO_COMMON_BLOCKS = YES;
				GCC_OPTIMIZATION_LEVEL = 0;
				GCC_PREPROCESSOR_DEFINITIONS = (
					"DEBUG=1",
					"$(inherited)",
				);
				GCC_WARN_64_TO_32_BIT_CONVERSION = YES;
				GCC_WARN_ABOUT_RETURN_TYPE = YES_ERROR;
				GCC_WARN_UNDECLARED_SELECTOR = YES;
				GCC_WARN_UNINITIALIZED_AUTOS = YES_AGGRESSIVE;
				GCC_WARN_UNUSED_FUNCTION = YES;
				GCC_WARN_UNUSED_VARIABLE = YES;
				IPHONEOS_DEPLOYMENT_TARGET = 14.4;
				MTL_ENABLE_DEBUG_INFO = INCLUDE_SOURCE;
				MTL_FAST_MATH = YES;
				ONLY_ACTIVE_ARCH = YES;
				SDKROOT = iphoneos;
				SWIFT_ACTIVE_COMPILATION_CONDITIONS = DEBUG;
				SWIFT_OPTIMIZATION_LEVEL = "-Onone";
			};
			name = Debug;
		};
		D89D393C2AC4288E0026FBFB /* Release */ = {
			isa = XCBuildConfiguration;
			buildSettings = {
				ALWAYS_SEARCH_USER_PATHS = NO;
				CLANG_ANALYZER_NONNULL = YES;
				CLANG_ANALYZER_NUMBER_OBJECT_CONVERSION = YES_AGGRESSIVE;
				CLANG_CXX_LANGUAGE_STANDARD = "gnu++14";
				CLANG_CXX_LIBRARY = "libc++";
				CLANG_ENABLE_MODULES = YES;
				CLANG_ENABLE_OBJC_ARC = YES;
				CLANG_ENABLE_OBJC_WEAK = YES;
				CLANG_WARN_BLOCK_CAPTURE_AUTORELEASING = YES;
				CLANG_WARN_BOOL_CONVERSION = YES;
				CLANG_WARN_COMMA = YES;
				CLANG_WARN_CONSTANT_CONVERSION = YES;
				CLANG_WARN_DEPRECATED_OBJC_IMPLEMENTATIONS = YES;
				CLANG_WARN_DIRECT_OBJC_ISA_USAGE = YES_ERROR;
				CLANG_WARN_DOCUMENTATION_COMMENTS = YES;
				CLANG_WARN_EMPTY_BODY = YES;
				CLANG_WARN_ENUM_CONVERSION = YES;
				CLANG_WARN_INFINITE_RECURSION = YES;
				CLANG_WARN_INT_CONVERSION = YES;
				CLANG_WARN_NON_LITERAL_NULL_CONVERSION = YES;
				CLANG_WARN_OBJC_IMPLICIT_RETAIN_SELF = YES;
				CLANG_WARN_OBJC_LITERAL_CONVERSION = YES;
				CLANG_WARN_OBJC_ROOT_CLASS = YES_ERROR;
				CLANG_WARN_QUOTED_INCLUDE_IN_FRAMEWORK_HEADER = YES;
				CLANG_WARN_RANGE_LOOP_ANALYSIS = YES;
				CLANG_WARN_STRICT_PROTOTYPES = YES;
				CLANG_WARN_SUSPICIOUS_MOVE = YES;
				CLANG_WARN_UNGUARDED_AVAILABILITY = YES_AGGRESSIVE;
				CLANG_WARN_UNREACHABLE_CODE = YES;
				CLANG_WARN__DUPLICATE_METHOD_MATCH = YES;
				COPY_PHASE_STRIP = NO;
				DEBUG_INFORMATION_FORMAT = "dwarf-with-dsym";
				ENABLE_NS_ASSERTIONS = NO;
				ENABLE_STRICT_OBJC_MSGSEND = YES;
				GCC_C_LANGUAGE_STANDARD = gnu11;
				GCC_NO_COMMON_BLOCKS = YES;
				GCC_WARN_64_TO_32_BIT_CONVERSION = YES;
				GCC_WARN_ABOUT_RETURN_TYPE = YES_ERROR;
				GCC_WARN_UNDECLARED_SELECTOR = YES;
				GCC_WARN_UNINITIALIZED_AUTOS = YES_AGGRESSIVE;
				GCC_WARN_UNUSED_FUNCTION = YES;
				GCC_WARN_UNUSED_VARIABLE = YES;
				IPHONEOS_DEPLOYMENT_TARGET = 14.4;
				MTL_ENABLE_DEBUG_INFO = NO;
				MTL_FAST_MATH = YES;
				SDKROOT = iphoneos;
				SWIFT_COMPILATION_MODE = wholemodule;
				SWIFT_OPTIMIZATION_LEVEL = "-O";
				VALIDATE_PRODUCT = YES;
			};
			name = Release;
		};
		D89D393E2AC4288E0026FBFB /* Debug */ = {
			isa = XCBuildConfiguration;
			baseConfigurationReference = BC1657C34FB908348C8A4E6C /* Pods-AlertApp.debug.xcconfig */;
			buildSettings = {
				ASSETCATALOG_COMPILER_APPICON_NAME = AppIcon;
				ASSETCATALOG_COMPILER_GLOBAL_ACCENT_COLOR_NAME = AccentColor;
				CODE_SIGN_STYLE = Automatic;
				INFOPLIST_FILE = AlertApp/Info.plist;
				LD_RUNPATH_SEARCH_PATHS = (
					"$(inherited)",
					"@executable_path/Frameworks",
				);
				PRODUCT_BUNDLE_IDENTIFIER = SS.AlertApp;
				PRODUCT_NAME = "$(TARGET_NAME)";
				SWIFT_VERSION = 5.0;
				TARGETED_DEVICE_FAMILY = "1,2";
			};
			name = Debug;
		};
		D89D393F2AC4288E0026FBFB /* Release */ = {
			isa = XCBuildConfiguration;
			baseConfigurationReference = ED69C7E711764977B5CEF8C4 /* Pods-AlertApp.release.xcconfig */;
			buildSettings = {
				ASSETCATALOG_COMPILER_APPICON_NAME = AppIcon;
				ASSETCATALOG_COMPILER_GLOBAL_ACCENT_COLOR_NAME = AccentColor;
				CODE_SIGN_STYLE = Automatic;
				INFOPLIST_FILE = AlertApp/Info.plist;
				LD_RUNPATH_SEARCH_PATHS = (
					"$(inherited)",
					"@executable_path/Frameworks",
				);
				PRODUCT_BUNDLE_IDENTIFIER = SS.AlertApp;
				PRODUCT_NAME = "$(TARGET_NAME)";
				SWIFT_VERSION = 5.0;
				TARGETED_DEVICE_FAMILY = "1,2";
			};
			name = Release;
		};
/* End XCBuildConfiguration section */

/* Begin XCConfigurationList section */
		D89D39242AC4288C0026FBFB /* Build configuration list for PBXProject "AlertApp" */ = {
			isa = XCConfigurationList;
			buildConfigurations = (
				D89D393B2AC4288E0026FBFB /* Debug */,
				D89D393C2AC4288E0026FBFB /* Release */,
			);
			defaultConfigurationIsVisible = 0;
			defaultConfigurationName = Release;
		};
		D89D393D2AC4288E0026FBFB /* Build configuration list for PBXNativeTarget "AlertApp" */ = {
			isa = XCConfigurationList;
			buildConfigurations = (
				D89D393E2AC4288E0026FBFB /* Debug */,
				D89D393F2AC4288E0026FBFB /* Release */,
			);
			defaultConfigurationIsVisible = 0;
			defaultConfigurationName = Release;
		};
/* End XCConfigurationList section */
	};
	rootObject = D89D39212AC4288C0026FBFB /* Project object */;
}
