// !$*UTF8*$!
{
	archiveVersion = 1;
	classes = {
	};
	objectVersion = 50;
	objects = {

/* Begin PBXBuildFile section */
		D811A0232A56D85E00B9A8F1 /* AppDelegate.swift in Sources */ = {isa = PBXBuildFile; fileRef = D811A0222A56D85E00B9A8F1 /* AppDelegate.swift */; };
		D811A0252A56D85E00B9A8F1 /* SceneDelegate.swift in Sources */ = {isa = PBXBuildFile; fileRef = D811A0242A56D85E00B9A8F1 /* SceneDelegate.swift */; };
		D811A0272A56D85E00B9A8F1 /* ViewController.swift in Sources */ = {isa = PBXBuildFile; fileRef = D811A0262A56D85E00B9A8F1 /* ViewController.swift */; };
		D811A02A2A56D85E00B9A8F1 /* Main.storyboard in Resources */ = {isa = PBXBuildFile; fileRef = D811A0282A56D85E00B9A8F1 /* Main.storyboard */; };
		D811A02C2A56D85F00B9A8F1 /* Assets.xcassets in Resources */ = {isa = PBXBuildFile; fileRef = D811A02B2A56D85F00B9A8F1 /* Assets.xcassets */; };
		D811A02F2A56D85F00B9A8F1 /* LaunchScreen.storyboard in Resources */ = {isa = PBXBuildFile; fileRef = D811A02D2A56D85F00B9A8F1 /* LaunchScreen.storyboard */; };
/* End PBXBuildFile section */

/* Begin PBXFileReference section */
		D811A01F2A56D85E00B9A8F1 /* Scrollview.app */ = {isa = PBXFileReference; explicitFileType = wrapper.application; includeInIndex = 0; path = Scrollview.app; sourceTree = BUILT_PRODUCTS_DIR; };
		D811A0222A56D85E00B9A8F1 /* AppDelegate.swift */ = {isa = PBXFileReference; lastKnownFileType = sourcecode.swift; path = AppDelegate.swift; sourceTree = "<group>"; };
		D811A0242A56D85E00B9A8F1 /* SceneDelegate.swift */ = {isa = PBXFileReference; lastKnownFileType = sourcecode.swift; path = SceneDelegate.swift; sourceTree = "<group>"; };
		D811A0262A56D85E00B9A8F1 /* ViewController.swift */ = {isa = PBXFileReference; lastKnownFileType = sourcecode.swift; path = ViewController.swift; sourceTree = "<group>"; };
		D811A0292A56D85E00B9A8F1 /* Base */ = {isa = PBXFileReference; lastKnownFileType = file.storyboard; name = Base; path = Base.lproj/Main.storyboard; sourceTree = "<group>"; };
		D811A02B2A56D85F00B9A8F1 /* Assets.xcassets */ = {isa = PBXFileReference; lastKnownFileType = folder.assetcatalog; path = Assets.xcassets; sourceTree = "<group>"; };
		D811A02E2A56D85F00B9A8F1 /* Base */ = {isa = PBXFileReference; lastKnownFileType = file.storyboard; name = Base; path = Base.lproj/LaunchScreen.storyboard; sourceTree = "<group>"; };
		D811A0302A56D85F00B9A8F1 /* Info.plist */ = {isa = PBXFileReference; lastKnownFileType = text.plist.xml; path = Info.plist; sourceTree = "<group>"; };
/* End PBXFileReference section */

/* Begin PBXFrameworksBuildPhase section */
		D811A01C2A56D85E00B9A8F1 /* Frameworks */ = {
			isa = PBXFrameworksBuildPhase;
			buildActionMask = 2147483647;
			files = (
			);
			runOnlyForDeploymentPostprocessing = 0;
		};
/* End PBXFrameworksBuildPhase section */

/* Begin PBXGroup section */
		D811A0162A56D85E00B9A8F1 = {
			isa = PBXGroup;
			children = (
				D811A0212A56D85E00B9A8F1 /* Scrollview */,
				D811A0202A56D85E00B9A8F1 /* Products */,
			);
			sourceTree = "<group>";
		};
		D811A0202A56D85E00B9A8F1 /* Products */ = {
			isa = PBXGroup;
			children = (
				D811A01F2A56D85E00B9A8F1 /* Scrollview.app */,
			);
			name = Products;
			sourceTree = "<group>";
		};
		D811A0212A56D85E00B9A8F1 /* Scrollview */ = {
			isa = PBXGroup;
			children = (
				D811A0222A56D85E00B9A8F1 /* AppDelegate.swift */,
				D811A0242A56D85E00B9A8F1 /* SceneDelegate.swift */,
				D811A0262A56D85E00B9A8F1 /* ViewController.swift */,
				D811A0282A56D85E00B9A8F1 /* Main.storyboard */,
				D811A02B2A56D85F00B9A8F1 /* Assets.xcassets */,
				D811A02D2A56D85F00B9A8F1 /* LaunchScreen.storyboard */,
				D811A0302A56D85F00B9A8F1 /* Info.plist */,
			);
			path = Scrollview;
			sourceTree = "<group>";
		};
/* End PBXGroup section */

/* Begin PBXNativeTarget section */
		D811A01E2A56D85E00B9A8F1 /* Scrollview */ = {
			isa = PBXNativeTarget;
			buildConfigurationList = D811A0332A56D85F00B9A8F1 /* Build configuration list for PBXNativeTarget "Scrollview" */;
			buildPhases = (
				D811A01B2A56D85E00B9A8F1 /* Sources */,
				D811A01C2A56D85E00B9A8F1 /* Frameworks */,
				D811A01D2A56D85E00B9A8F1 /* Resources */,
			);
			buildRules = (
			);
			dependencies = (
			);
			name = Scrollview;
			productName = Scrollview;
			productReference = D811A01F2A56D85E00B9A8F1 /* Scrollview.app */;
			productType = "com.apple.product-type.application";
		};
/* End PBXNativeTarget section */

/* Begin PBXProject section */
		D811A0172A56D85E00B9A8F1 /* Project object */ = {
			isa = PBXProject;
			attributes = {
				LastSwiftUpdateCheck = 1240;
				LastUpgradeCheck = 1240;
				TargetAttributes = {
					D811A01E2A56D85E00B9A8F1 = {
						CreatedOnToolsVersion = 12.4;
					};
				};
			};
			buildConfigurationList = D811A01A2A56D85E00B9A8F1 /* Build configuration list for PBXProject "Scrollview" */;
			compatibilityVersion = "Xcode 9.3";
			developmentRegion = en;
			hasScannedForEncodings = 0;
			knownRegions = (
				en,
				Base,
			);
			mainGroup = D811A0162A56D85E00B9A8F1;
			productRefGroup = D811A0202A56D85E00B9A8F1 /* Products */;
			projectDirPath = "";
			projectRoot = "";
			targets = (
				D811A01E2A56D85E00B9A8F1 /* Scrollview */,
			);
		};
/* End PBXProject section */

/* Begin PBXResourcesBuildPhase section */
		D811A01D2A56D85E00B9A8F1 /* Resources */ = {
			isa = PBXResourcesBuildPhase;
			buildActionMask = 2147483647;
			files = (
				D811A02F2A56D85F00B9A8F1 /* LaunchScreen.storyboard in Resources */,
				D811A02C2A56D85F00B9A8F1 /* Assets.xcassets in Resources */,
				D811A02A2A56D85E00B9A8F1 /* Main.storyboard in Resources */,
			);
			runOnlyForDeploymentPostprocessing = 0;
		};
/* End PBXResourcesBuildPhase section */

/* Begin PBXSourcesBuildPhase section */
		D811A01B2A56D85E00B9A8F1 /* Sources */ = {
			isa = PBXSourcesBuildPhase;
			buildActionMask = 2147483647;
			files = (
				D811A0272A56D85E00B9A8F1 /* ViewController.swift in Sources */,
				D811A0232A56D85E00B9A8F1 /* AppDelegate.swift in Sources */,
				D811A0252A56D85E00B9A8F1 /* SceneDelegate.swift in Sources */,
			);
			runOnlyForDeploymentPostprocessing = 0;
		};
/* End PBXSourcesBuildPhase section */

/* Begin PBXVariantGroup section */
		D811A0282A56D85E00B9A8F1 /* Main.storyboard */ = {
			isa = PBXVariantGroup;
			children = (
				D811A0292A56D85E00B9A8F1 /* Base */,
			);
			name = Main.storyboard;
			sourceTree = "<group>";
		};
		D811A02D2A56D85F00B9A8F1 /* LaunchScreen.storyboard */ = {
			isa = PBXVariantGroup;
			children = (
				D811A02E2A56D85F00B9A8F1 /* Base */,
			);
			name = LaunchScreen.storyboard;
			sourceTree = "<group>";
		};
/* End PBXVariantGroup section */

/* Begin XCBuildConfiguration section */
		D811A0312A56D85F00B9A8F1 /* Debug */ = {
			isa = XCBuildConfiguration;
			buildSettings = {
				ALWAYS_SEARCH_USER_PATHS = NO;
				CLANG_ANALYZER_NONNULL = YES;
				CLANG_ANALYZER_NUMBER_OBJECT_CONVERSION = YES_AGGRESSIVE;
				CLANG_CXX_LANGUAGE_STANDARD = "gnu++14";
				CLANG_CXX_LIBRARY = "libc++";
				CLANG_ENABLE_MODULES = YES;
				CLANG_ENABLE_OBJC_ARC = YES;
				CLANG_ENABLE_OBJC_WEAK = YES;
				CLANG_WARN_BLOCK_CAPTURE_AUTORELEASING = YES;
				CLANG_WARN_BOOL_CONVERSION = YES;
				CLANG_WARN_COMMA = YES;
				CLANG_WARN_CONSTANT_CONVERSION = YES;
				CLANG_WARN_DEPRECATED_OBJC_IMPLEMENTATIONS = YES;
				CLANG_WARN_DIRECT_OBJC_ISA_USAGE = YES_ERROR;
				CLANG_WARN_DOCUMENTATION_COMMENTS = YES;
				CLANG_WARN_EMPTY_BODY = YES;
				CLANG_WARN_ENUM_CONVERSION = YES;
				CLANG_WARN_INFINITE_RECURSION = YES;
				CLANG_WARN_INT_CONVERSION = YES;
				CLANG_WARN_NON_LITERAL_NULL_CONVERSION = YES;
				CLANG_WARN_OBJC_IMPLICIT_RETAIN_SELF = YES;
				CLANG_WARN_OBJC_LITERAL_CONVERSION = YES;
				CLANG_WARN_OBJC_ROOT_CLASS = YES_ERROR;
				CLANG_WARN_QUOTED_INCLUDE_IN_FRAMEWORK_HEADER = YES;
				CLANG_WARN_RANGE_LOOP_ANALYSIS = YES;
				CLANG_WARN_STRICT_PROTOTYPES = YES;
				CLANG_WARN_SUSPICIOUS_MOVE = YES;
				CLANG_WARN_UNGUARDED_AVAILABILITY = YES_AGGRESSIVE;
				CLANG_WARN_UNREACHABLE_CODE = YES;
				CLANG_WARN__DUPLICATE_METHOD_MATCH = YES;
				COPY_PHASE_STRIP = NO;
				DEBUG_INFORMATION_FORMAT = dwarf;
				ENABLE_STRICT_OBJC_MSGSEND = YES;
				ENABLE_TESTABILITY = YES;
				GCC_C_LANGUAGE_STANDARD = gnu11;
				GCC_DYNAMIC_NO_PIC = NO;
				GCC_NO_COMMON_BLOCKS = YES;
				GCC_OPTIMIZATION_LEVEL = 0;
				GCC_PREPROCESSOR_DEFINITIONS = (
					"DEBUG=1",
					"$(inherited)",
				);
				GCC_WARN_64_TO_32_BIT_CONVERSION = YES;
				GCC_WARN_ABOUT_RETURN_TYPE = YES_ERROR;
				GCC_WARN_UNDECLARED_SELECTOR = YES;
				GCC_WARN_UNINITIALIZED_AUTOS = YES_AGGRESSIVE;
				GCC_WARN_UNUSED_FUNCTION = YES;
				GCC_WARN_UNUSED_VARIABLE = YES;
				IPHONEOS_DEPLOYMENT_TARGET = 14.4;
				MTL_ENABLE_DEBUG_INFO = INCLUDE_SOURCE;
				MTL_FAST_MATH = YES;
				ONLY_ACTIVE_ARCH = YES;
				SDKROOT = iphoneos;
				SWIFT_ACTIVE_COMPILATION_CONDITIONS = DEBUG;
				SWIFT_OPTIMIZATION_LEVEL = "-Onone";
			};
			name = Debug;
		};
		D811A0322A56D85F00B9A8F1 /* Release */ = {
			isa = XCBuildConfiguration;
			buildSettings = {
				ALWAYS_SEARCH_USER_PATHS = NO;
				CLANG_ANALYZER_NONNULL = YES;
				CLANG_ANALYZER_NUMBER_OBJECT_CONVERSION = YES_AGGRESSIVE;
				CLANG_CXX_LANGUAGE_STANDARD = "gnu++14";
				CLANG_CXX_LIBRARY = "libc++";
				CLANG_ENABLE_MODULES = YES;
				CLANG_ENABLE_OBJC_ARC = YES;
				CLANG_ENABLE_OBJC_WEAK = YES;
				CLANG_WARN_BLOCK_CAPTURE_AUTORELEASING = YES;
				CLANG_WARN_BOOL_CONVERSION = YES;
				CLANG_WARN_COMMA = YES;
				CLANG_WARN_CONSTANT_CONVERSION = YES;
				CLANG_WARN_DEPRECATED_OBJC_IMPLEMENTATIONS = YES;
				CLANG_WARN_DIRECT_OBJC_ISA_USAGE = YES_ERROR;
				CLANG_WARN_DOCUMENTATION_COMMENTS = YES;
				CLANG_WARN_EMPTY_BODY = YES;
				CLANG_WARN_ENUM_CONVERSION = YES;
				CLANG_WARN_INFINITE_RECURSION = YES;
				CLANG_WARN_INT_CONVERSION = YES;
				CLANG_WARN_NON_LITERAL_NULL_CONVERSION = YES;
				CLANG_WARN_OBJC_IMPLICIT_RETAIN_SELF = YES;
				CLANG_WARN_OBJC_LITERAL_CONVERSION = YES;
				CLANG_WARN_OBJC_ROOT_CLASS = YES_ERROR;
				CLANG_WARN_QUOTED_INCLUDE_IN_FRAMEWORK_HEADER = YES;
				CLANG_WARN_RANGE_LOOP_ANALYSIS = YES;
				CLANG_WARN_STRICT_PROTOTYPES = YES;
				CLANG_WARN_SUSPICIOUS_MOVE = YES;
				CLANG_WARN_UNGUARDED_AVAILABILITY = YES_AGGRESSIVE;
				CLANG_WARN_UNREACHABLE_CODE = YES;
				CLANG_WARN__DUPLICATE_METHOD_MATCH = YES;
				COPY_PHASE_STRIP = NO;
				DEBUG_INFORMATION_FORMAT = "dwarf-with-dsym";
				ENABLE_NS_ASSERTIONS = NO;
				ENABLE_STRICT_OBJC_MSGSEND = YES;
				GCC_C_LANGUAGE_STANDARD = gnu11;
				GCC_NO_COMMON_BLOCKS = YES;
				GCC_WARN_64_TO_32_BIT_CONVERSION = YES;
				GCC_WARN_ABOUT_RETURN_TYPE = YES_ERROR;
				GCC_WARN_UNDECLARED_SELECTOR = YES;
				GCC_WARN_UNINITIALIZED_AUTOS = YES_AGGRESSIVE;
				GCC_WARN_UNUSED_FUNCTION = YES;
				GCC_WARN_UNUSED_VARIABLE = YES;
				IPHONEOS_DEPLOYMENT_TARGET = 14.4;
				MTL_ENABLE_DEBUG_INFO = NO;
				MTL_FAST_MATH = YES;
				SDKROOT = iphoneos;
				SWIFT_COMPILATION_MODE = wholemodule;
				SWIFT_OPTIMIZATION_LEVEL = "-O";
				VALIDATE_PRODUCT = YES;
			};
			name = Release;
		};
		D811A0342A56D85F00B9A8F1 /* Debug */ = {
			isa = XCBuildConfiguration;
			buildSettings = {
				ASSETCATALOG_COMPILER_APPICON_NAME = AppIcon;
				ASSETCATALOG_COMPILER_GLOBAL_ACCENT_COLOR_NAME = AccentColor;
				CODE_SIGN_STYLE = Automatic;
				INFOPLIST_FILE = Scrollview/Info.plist;
				LD_RUNPATH_SEARCH_PATHS = (
					"$(inherited)",
					"@executable_path/Frameworks",
				);
				PRODUCT_BUNDLE_IDENTIFIER = SS.Scrollview;
				PRODUCT_NAME = "$(TARGET_NAME)";
				SWIFT_VERSION = 5.0;
				TARGETED_DEVICE_FAMILY = "1,2";
			};
			name = Debug;
		};
		D811A0352A56D85F00B9A8F1 /* Release */ = {
			isa = XCBuildConfiguration;
			buildSettings = {
				ASSETCATALOG_COMPILER_APPICON_NAME = AppIcon;
				ASSETCATALOG_COMPILER_GLOBAL_ACCENT_COLOR_NAME = AccentColor;
				CODE_SIGN_STYLE = Automatic;
				INFOPLIST_FILE = Scrollview/Info.plist;
				LD_RUNPATH_SEARCH_PATHS = (
					"$(inherited)",
					"@executable_path/Frameworks",
				);
				PRODUCT_BUNDLE_IDENTIFIER = SS.Scrollview;
				PRODUCT_NAME = "$(TARGET_NAME)";
				SWIFT_VERSION = 5.0;
				TARGETED_DEVICE_FAMILY = "1,2";
			};
			name = Release;
		};
/* End XCBuildConfiguration section */

/* Begin XCConfigurationList section */
		D811A01A2A56D85E00B9A8F1 /* Build configuration list for PBXProject "Scrollview" */ = {
			isa = XCConfigurationList;
			buildConfigurations = (
				D811A0312A56D85F00B9A8F1 /* Debug */,
				D811A0322A56D85F00B9A8F1 /* Release */,
			);
			defaultConfigurationIsVisible = 0;
			defaultConfigurationName = Release;
		};
		D811A0332A56D85F00B9A8F1 /* Build configuration list for PBXNativeTarget "Scrollview" */ = {
			isa = XCConfigurationList;
			buildConfigurations = (
				D811A0342A56D85F00B9A8F1 /* Debug */,
				D811A0352A56D85F00B9A8F1 /* Release */,
			);
			defaultConfigurationIsVisible = 0;
			defaultConfigurationName = Release;
		};
/* End XCConfigurationList section */
	};
	rootObject = D811A0172A56D85E00B9A8F1 /* Project object */;
}
