// !$*UTF8*$!
{
	archiveVersion = 1;
	classes = {
	};
	objectVersion = 50;
	objects = {

/* Begin PBXBuildFile section */
		3624B1866F7A0A7D78DDCA51 /* Pods_FloatingLabelApp.framework in Frameworks */ = {isa = PBXBuildFile; fileRef = E5A4AE8BDFA3DBB6F3510CD1 /* Pods_FloatingLabelApp.framework */; };
		D89D39092AC426510026FBFB /* AppDelegate.swift in Sources */ = {isa = PBXBuildFile; fileRef = D89D39082AC426510026FBFB /* AppDelegate.swift */; };
		D89D390B2AC426510026FBFB /* SceneDelegate.swift in Sources */ = {isa = PBXBuildFile; fileRef = D89D390A2AC426510026FBFB /* SceneDelegate.swift */; };
		D89D390D2AC426510026FBFB /* ViewController.swift in Sources */ = {isa = PBXBuildFile; fileRef = D89D390C2AC426510026FBFB /* ViewController.swift */; };
		D89D39102AC426510026FBFB /* Main.storyboard in Resources */ = {isa = PBXBuildFile; fileRef = D89D390E2AC426510026FBFB /* Main.storyboard */; };
		D89D39122AC426520026FBFB /* Assets.xcassets in Resources */ = {isa = PBXBuildFile; fileRef = D89D39112AC426520026FBFB /* Assets.xcassets */; };
		D89D39152AC426520026FBFB /* LaunchScreen.storyboard in Resources */ = {isa = PBXBuildFile; fileRef = D89D39132AC426520026FBFB /* LaunchScreen.storyboard */; };
/* End PBXBuildFile section */

/* Begin PBXFileReference section */
		6658460A9F8EECBC022FD9A8 /* Pods-FloatingLabelApp.release.xcconfig */ = {isa = PBXFileReference; includeInIndex = 1; lastKnownFileType = text.xcconfig; name = "Pods-FloatingLabelApp.release.xcconfig"; path = "Target Support Files/Pods-FloatingLabelApp/Pods-FloatingLabelApp.release.xcconfig"; sourceTree = "<group>"; };
		CCBEBB798D1FFB2FC573D677 /* Pods-FloatingLabelApp.debug.xcconfig */ = {isa = PBXFileReference; includeInIndex = 1; lastKnownFileType = text.xcconfig; name = "Pods-FloatingLabelApp.debug.xcconfig"; path = "Target Support Files/Pods-FloatingLabelApp/Pods-FloatingLabelApp.debug.xcconfig"; sourceTree = "<group>"; };
		D89D39052AC426510026FBFB /* FloatingLabelApp.app */ = {isa = PBXFileReference; explicitFileType = wrapper.application; includeInIndex = 0; path = FloatingLabelApp.app; sourceTree = BUILT_PRODUCTS_DIR; };
		D89D39082AC426510026FBFB /* AppDelegate.swift */ = {isa = PBXFileReference; lastKnownFileType = sourcecode.swift; path = AppDelegate.swift; sourceTree = "<group>"; };
		D89D390A2AC426510026FBFB /* SceneDelegate.swift */ = {isa = PBXFileReference; lastKnownFileType = sourcecode.swift; path = SceneDelegate.swift; sourceTree = "<group>"; };
		D89D390C2AC426510026FBFB /* ViewController.swift */ = {isa = PBXFileReference; lastKnownFileType = sourcecode.swift; path = ViewController.swift; sourceTree = "<group>"; };
		D89D390F2AC426510026FBFB /* Base */ = {isa = PBXFileReference; lastKnownFileType = file.storyboard; name = Base; path = Base.lproj/Main.storyboard; sourceTree = "<group>"; };
		D89D39112AC426520026FBFB /* Assets.xcassets */ = {isa = PBXFileReference; lastKnownFileType = folder.assetcatalog; path = Assets.xcassets; sourceTree = "<group>"; };
		D89D39142AC426520026FBFB /* Base */ = {isa = PBXFileReference; lastKnownFileType = file.storyboard; name = Base; path = Base.lproj/LaunchScreen.storyboard; sourceTree = "<group>"; };
		D89D39162AC426520026FBFB /* Info.plist */ = {isa = PBXFileReference; lastKnownFileType = text.plist.xml; path = Info.plist; sourceTree = "<group>"; };
		E5A4AE8BDFA3DBB6F3510CD1 /* Pods_FloatingLabelApp.framework */ = {isa = PBXFileReference; explicitFileType = wrapper.framework; includeInIndex = 0; path = Pods_FloatingLabelApp.framework; sourceTree = BUILT_PRODUCTS_DIR; };
/* End PBXFileReference section */

/* Begin PBXFrameworksBuildPhase section */
		D89D39022AC426510026FBFB /* Frameworks */ = {
			isa = PBXFrameworksBuildPhase;
			buildActionMask = 2147483647;
			files = (
				3624B1866F7A0A7D78DDCA51 /* Pods_FloatingLabelApp.framework in Frameworks */,
			);
			runOnlyForDeploymentPostprocessing = 0;
		};
/* End PBXFrameworksBuildPhase section */

/* Begin PBXGroup section */
		73DE0160B582ACE69A6EBD5F /* Pods */ = {
			isa = PBXGroup;
			children = (
				CCBEBB798D1FFB2FC573D677 /* Pods-FloatingLabelApp.debug.xcconfig */,
				6658460A9F8EECBC022FD9A8 /* Pods-FloatingLabelApp.release.xcconfig */,
			);
			name = Pods;
			path = Pods;
			sourceTree = "<group>";
		};
		D89D38FC2AC426510026FBFB = {
			isa = PBXGroup;
			children = (
				D89D39072AC426510026FBFB /* FloatingLabelApp */,
				D89D39062AC426510026FBFB /* Products */,
				73DE0160B582ACE69A6EBD5F /* Pods */,
				F806C8F0E74A9D5697AB3218 /* Frameworks */,
			);
			sourceTree = "<group>";
		};
		D89D39062AC426510026FBFB /* Products */ = {
			isa = PBXGroup;
			children = (
				D89D39052AC426510026FBFB /* FloatingLabelApp.app */,
			);
			name = Products;
			sourceTree = "<group>";
		};
		D89D39072AC426510026FBFB /* FloatingLabelApp */ = {
			isa = PBXGroup;
			children = (
				D89D39082AC426510026FBFB /* AppDelegate.swift */,
				D89D390A2AC426510026FBFB /* SceneDelegate.swift */,
				D89D390C2AC426510026FBFB /* ViewController.swift */,
				D89D390E2AC426510026FBFB /* Main.storyboard */,
				D89D39112AC426520026FBFB /* Assets.xcassets */,
				D89D39132AC426520026FBFB /* LaunchScreen.storyboard */,
				D89D39162AC426520026FBFB /* Info.plist */,
			);
			path = FloatingLabelApp;
			sourceTree = "<group>";
		};
		F806C8F0E74A9D5697AB3218 /* Frameworks */ = {
			isa = PBXGroup;
			children = (
				E5A4AE8BDFA3DBB6F3510CD1 /* Pods_FloatingLabelApp.framework */,
			);
			name = Frameworks;
			sourceTree = "<group>";
		};
/* End PBXGroup section */

/* Begin PBXNativeTarget section */
		D89D39042AC426510026FBFB /* FloatingLabelApp */ = {
			isa = PBXNativeTarget;
			buildConfigurationList = D89D39192AC426520026FBFB /* Build configuration list for PBXNativeTarget "FloatingLabelApp" */;
			buildPhases = (
				0E9F42CB1EAB689871145970 /* [CP] Check Pods Manifest.lock */,
				D89D39012AC426510026FBFB /* Sources */,
				D89D39022AC426510026FBFB /* Frameworks */,
				D89D39032AC426510026FBFB /* Resources */,
				D403AAA14E34717F66911922 /* [CP] Embed Pods Frameworks */,
			);
			buildRules = (
			);
			dependencies = (
			);
			name = FloatingLabelApp;
			productName = FloatingLabelApp;
			productReference = D89D39052AC426510026FBFB /* FloatingLabelApp.app */;
			productType = "com.apple.product-type.application";
		};
/* End PBXNativeTarget section */

/* Begin PBXProject section */
		D89D38FD2AC426510026FBFB /* Project object */ = {
			isa = PBXProject;
			attributes = {
				LastSwiftUpdateCheck = 1240;
				LastUpgradeCheck = 1240;
				TargetAttributes = {
					D89D39042AC426510026FBFB = {
						CreatedOnToolsVersion = 12.4;
					};
				};
			};
			buildConfigurationList = D89D39002AC426510026FBFB /* Build configuration list for PBXProject "FloatingLabelApp" */;
			compatibilityVersion = "Xcode 9.3";
			developmentRegion = en;
			hasScannedForEncodings = 0;
			knownRegions = (
				en,
				Base,
			);
			mainGroup = D89D38FC2AC426510026FBFB;
			productRefGroup = D89D39062AC426510026FBFB /* Products */;
			projectDirPath = "";
			projectRoot = "";
			targets = (
				D89D39042AC426510026FBFB /* FloatingLabelApp */,
			);
		};
/* End PBXProject section */

/* Begin PBXResourcesBuildPhase section */
		D89D39032AC426510026FBFB /* Resources */ = {
			isa = PBXResourcesBuildPhase;
			buildActionMask = 2147483647;
			files = (
				D89D39152AC426520026FBFB /* LaunchScreen.storyboard in Resources */,
				D89D39122AC426520026FBFB /* Assets.xcassets in Resources */,
				D89D39102AC426510026FBFB /* Main.storyboard in Resources */,
			);
			runOnlyForDeploymentPostprocessing = 0;
		};
/* End PBXResourcesBuildPhase section */

/* Begin PBXShellScriptBuildPhase section */
		0E9F42CB1EAB689871145970 /* [CP] Check Pods Manifest.lock */ = {
			isa = PBXShellScriptBuildPhase;
			buildActionMask = 2147483647;
			files = (
			);
			inputFileListPaths = (
			);
			inputPaths = (
				"${PODS_PODFILE_DIR_PATH}/Podfile.lock",
				"${PODS_ROOT}/Manifest.lock",
			);
			name = "[CP] Check Pods Manifest.lock";
			outputFileListPaths = (
			);
			outputPaths = (
				"$(DERIVED_FILE_DIR)/Pods-FloatingLabelApp-checkManifestLockResult.txt",
			);
			runOnlyForDeploymentPostprocessing = 0;
			shellPath = /bin/sh;
			shellScript = "diff \"${PODS_PODFILE_DIR_PATH}/Podfile.lock\" \"${PODS_ROOT}/Manifest.lock\" > /dev/null\nif [ $? != 0 ] ; then\n    # print error to STDERR\n    echo \"error: The sandbox is not in sync with the Podfile.lock. Run 'pod install' or update your CocoaPods installation.\" >&2\n    exit 1\nfi\n# This output is used by Xcode 'outputs' to avoid re-running this script phase.\necho \"SUCCESS\" > \"${SCRIPT_OUTPUT_FILE_0}\"\n";
			showEnvVarsInLog = 0;
		};
		D403AAA14E34717F66911922 /* [CP] Embed Pods Frameworks */ = {
			isa = PBXShellScriptBuildPhase;
			buildActionMask = 2147483647;
			files = (
			);
			inputFileListPaths = (
				"${PODS_ROOT}/Target Support Files/Pods-FloatingLabelApp/Pods-FloatingLabelApp-frameworks-${CONFIGURATION}-input-files.xcfilelist",
			);
			name = "[CP] Embed Pods Frameworks";
			outputFileListPaths = (
				"${PODS_ROOT}/Target Support Files/Pods-FloatingLabelApp/Pods-FloatingLabelApp-frameworks-${CONFIGURATION}-output-files.xcfilelist",
			);
			runOnlyForDeploymentPostprocessing = 0;
			shellPath = /bin/sh;
			shellScript = "\"${PODS_ROOT}/Target Support Files/Pods-FloatingLabelApp/Pods-FloatingLabelApp-frameworks.sh\"\n";
			showEnvVarsInLog = 0;
		};
/* End PBXShellScriptBuildPhase section */

/* Begin PBXSourcesBuildPhase section */
		D89D39012AC426510026FBFB /* Sources */ = {
			isa = PBXSourcesBuildPhase;
			buildActionMask = 2147483647;
			files = (
				D89D390D2AC426510026FBFB /* ViewController.swift in Sources */,
				D89D39092AC426510026FBFB /* AppDelegate.swift in Sources */,
				D89D390B2AC426510026FBFB /* SceneDelegate.swift in Sources */,
			);
			runOnlyForDeploymentPostprocessing = 0;
		};
/* End PBXSourcesBuildPhase section */

/* Begin PBXVariantGroup section */
		D89D390E2AC426510026FBFB /* Main.storyboard */ = {
			isa = PBXVariantGroup;
			children = (
				D89D390F2AC426510026FBFB /* Base */,
			);
			name = Main.storyboard;
			sourceTree = "<group>";
		};
		D89D39132AC426520026FBFB /* LaunchScreen.storyboard */ = {
			isa = PBXVariantGroup;
			children = (
				D89D39142AC426520026FBFB /* Base */,
			);
			name = LaunchScreen.storyboard;
			sourceTree = "<group>";
		};
/* End PBXVariantGroup section */

/* Begin XCBuildConfiguration section */
		D89D39172AC426520026FBFB /* Debug */ = {
			isa = XCBuildConfiguration;
			buildSettings = {
				ALWAYS_SEARCH_USER_PATHS = NO;
				CLANG_ANALYZER_NONNULL = YES;
				CLANG_ANALYZER_NUMBER_OBJECT_CONVERSION = YES_AGGRESSIVE;
				CLANG_CXX_LANGUAGE_STANDARD = "gnu++14";
				CLANG_CXX_LIBRARY = "libc++";
				CLANG_ENABLE_MODULES = YES;
				CLANG_ENABLE_OBJC_ARC = YES;
				CLANG_ENABLE_OBJC_WEAK = YES;
				CLANG_WARN_BLOCK_CAPTURE_AUTORELEASING = YES;
				CLANG_WARN_BOOL_CONVERSION = YES;
				CLANG_WARN_COMMA = YES;
				CLANG_WARN_CONSTANT_CONVERSION = YES;
				CLANG_WARN_DEPRECATED_OBJC_IMPLEMENTATIONS = YES;
				CLANG_WARN_DIRECT_OBJC_ISA_USAGE = YES_ERROR;
				CLANG_WARN_DOCUMENTATION_COMMENTS = YES;
				CLANG_WARN_EMPTY_BODY = YES;
				CLANG_WARN_ENUM_CONVERSION = YES;
				CLANG_WARN_INFINITE_RECURSION = YES;
				CLANG_WARN_INT_CONVERSION = YES;
				CLANG_WARN_NON_LITERAL_NULL_CONVERSION = YES;
				CLANG_WARN_OBJC_IMPLICIT_RETAIN_SELF = YES;
				CLANG_WARN_OBJC_LITERAL_CONVERSION = YES;
				CLANG_WARN_OBJC_ROOT_CLASS = YES_ERROR;
				CLANG_WARN_QUOTED_INCLUDE_IN_FRAMEWORK_HEADER = YES;
				CLANG_WARN_RANGE_LOOP_ANALYSIS = YES;
				CLANG_WARN_STRICT_PROTOTYPES = YES;
				CLANG_WARN_SUSPICIOUS_MOVE = YES;
				CLANG_WARN_UNGUARDED_AVAILABILITY = YES_AGGRESSIVE;
				CLANG_WARN_UNREACHABLE_CODE = YES;
				CLANG_WARN__DUPLICATE_METHOD_MATCH = YES;
				COPY_PHASE_STRIP = NO;
				DEBUG_INFORMATION_FORMAT = dwarf;
				ENABLE_STRICT_OBJC_MSGSEND = YES;
				ENABLE_TESTABILITY = YES;
				GCC_C_LANGUAGE_STANDARD = gnu11;
				GCC_DYNAMIC_NO_PIC = NO;
				GCC_NO_COMMON_BLOCKS = YES;
				GCC_OPTIMIZATION_LEVEL = 0;
				GCC_PREPROCESSOR_DEFINITIONS = (
					"DEBUG=1",
					"$(inherited)",
				);
				GCC_WARN_64_TO_32_BIT_CONVERSION = YES;
				GCC_WARN_ABOUT_RETURN_TYPE = YES_ERROR;
				GCC_WARN_UNDECLARED_SELECTOR = YES;
				GCC_WARN_UNINITIALIZED_AUTOS = YES_AGGRESSIVE;
				GCC_WARN_UNUSED_FUNCTION = YES;
				GCC_WARN_UNUSED_VARIABLE = YES;
				IPHONEOS_DEPLOYMENT_TARGET = 14.4;
				MTL_ENABLE_DEBUG_INFO = INCLUDE_SOURCE;
				MTL_FAST_MATH = YES;
				ONLY_ACTIVE_ARCH = YES;
				SDKROOT = iphoneos;
				SWIFT_ACTIVE_COMPILATION_CONDITIONS = DEBUG;
				SWIFT_OPTIMIZATION_LEVEL = "-Onone";
			};
			name = Debug;
		};
		D89D39182AC426520026FBFB /* Release */ = {
			isa = XCBuildConfiguration;
			buildSettings = {
				ALWAYS_SEARCH_USER_PATHS = NO;
				CLANG_ANALYZER_NONNULL = YES;
				CLANG_ANALYZER_NUMBER_OBJECT_CONVERSION = YES_AGGRESSIVE;
				CLANG_CXX_LANGUAGE_STANDARD = "gnu++14";
				CLANG_CXX_LIBRARY = "libc++";
				CLANG_ENABLE_MODULES = YES;
				CLANG_ENABLE_OBJC_ARC = YES;
				CLANG_ENABLE_OBJC_WEAK = YES;
				CLANG_WARN_BLOCK_CAPTURE_AUTORELEASING = YES;
				CLANG_WARN_BOOL_CONVERSION = YES;
				CLANG_WARN_COMMA = YES;
				CLANG_WARN_CONSTANT_CONVERSION = YES;
				CLANG_WARN_DEPRECATED_OBJC_IMPLEMENTATIONS = YES;
				CLANG_WARN_DIRECT_OBJC_ISA_USAGE = YES_ERROR;
				CLANG_WARN_DOCUMENTATION_COMMENTS = YES;
				CLANG_WARN_EMPTY_BODY = YES;
				CLANG_WARN_ENUM_CONVERSION = YES;
				CLANG_WARN_INFINITE_RECURSION = YES;
				CLANG_WARN_INT_CONVERSION = YES;
				CLANG_WARN_NON_LITERAL_NULL_CONVERSION = YES;
				CLANG_WARN_OBJC_IMPLICIT_RETAIN_SELF = YES;
				CLANG_WARN_OBJC_LITERAL_CONVERSION = YES;
				CLANG_WARN_OBJC_ROOT_CLASS = YES_ERROR;
				CLANG_WARN_QUOTED_INCLUDE_IN_FRAMEWORK_HEADER = YES;
				CLANG_WARN_RANGE_LOOP_ANALYSIS = YES;
				CLANG_WARN_STRICT_PROTOTYPES = YES;
				CLANG_WARN_SUSPICIOUS_MOVE = YES;
				CLANG_WARN_UNGUARDED_AVAILABILITY = YES_AGGRESSIVE;
				CLANG_WARN_UNREACHABLE_CODE = YES;
				CLANG_WARN__DUPLICATE_METHOD_MATCH = YES;
				COPY_PHASE_STRIP = NO;
				DEBUG_INFORMATION_FORMAT = "dwarf-with-dsym";
				ENABLE_NS_ASSERTIONS = NO;
				ENABLE_STRICT_OBJC_MSGSEND = YES;
				GCC_C_LANGUAGE_STANDARD = gnu11;
				GCC_NO_COMMON_BLOCKS = YES;
				GCC_WARN_64_TO_32_BIT_CONVERSION = YES;
				GCC_WARN_ABOUT_RETURN_TYPE = YES_ERROR;
				GCC_WARN_UNDECLARED_SELECTOR = YES;
				GCC_WARN_UNINITIALIZED_AUTOS = YES_AGGRESSIVE;
				GCC_WARN_UNUSED_FUNCTION = YES;
				GCC_WARN_UNUSED_VARIABLE = YES;
				IPHONEOS_DEPLOYMENT_TARGET = 14.4;
				MTL_ENABLE_DEBUG_INFO = NO;
				MTL_FAST_MATH = YES;
				SDKROOT = iphoneos;
				SWIFT_COMPILATION_MODE = wholemodule;
				SWIFT_OPTIMIZATION_LEVEL = "-O";
				VALIDATE_PRODUCT = YES;
			};
			name = Release;
		};
		D89D391A2AC426520026FBFB /* Debug */ = {
			isa = XCBuildConfiguration;
			baseConfigurationReference = CCBEBB798D1FFB2FC573D677 /* Pods-FloatingLabelApp.debug.xcconfig */;
			buildSettings = {
				ASSETCATALOG_COMPILER_APPICON_NAME = AppIcon;
				ASSETCATALOG_COMPILER_GLOBAL_ACCENT_COLOR_NAME = AccentColor;
				CODE_SIGN_STYLE = Automatic;
				INFOPLIST_FILE = FloatingLabelApp/Info.plist;
				LD_RUNPATH_SEARCH_PATHS = (
					"$(inherited)",
					"@executable_path/Frameworks",
				);
				PRODUCT_BUNDLE_IDENTIFIER = SS.FloatingLabelApp;
				PRODUCT_NAME = "$(TARGET_NAME)";
				SWIFT_VERSION = 5.0;
				TARGETED_DEVICE_FAMILY = "1,2";
			};
			name = Debug;
		};
		D89D391B2AC426520026FBFB /* Release */ = {
			isa = XCBuildConfiguration;
			baseConfigurationReference = 6658460A9F8EECBC022FD9A8 /* Pods-FloatingLabelApp.release.xcconfig */;
			buildSettings = {
				ASSETCATALOG_COMPILER_APPICON_NAME = AppIcon;
				ASSETCATALOG_COMPILER_GLOBAL_ACCENT_COLOR_NAME = AccentColor;
				CODE_SIGN_STYLE = Automatic;
				INFOPLIST_FILE = FloatingLabelApp/Info.plist;
				LD_RUNPATH_SEARCH_PATHS = (
					"$(inherited)",
					"@executable_path/Frameworks",
				);
				PRODUCT_BUNDLE_IDENTIFIER = SS.FloatingLabelApp;
				PRODUCT_NAME = "$(TARGET_NAME)";
				SWIFT_VERSION = 5.0;
				TARGETED_DEVICE_FAMILY = "1,2";
			};
			name = Release;
		};
/* End XCBuildConfiguration section */

/* Begin XCConfigurationList section */
		D89D39002AC426510026FBFB /* Build configuration list for PBXProject "FloatingLabelApp" */ = {
			isa = XCConfigurationList;
			buildConfigurations = (
				D89D39172AC426520026FBFB /* Debug */,
				D89D39182AC426520026FBFB /* Release */,
			);
			defaultConfigurationIsVisible = 0;
			defaultConfigurationName = Release;
		};
		D89D39192AC426520026FBFB /* Build configuration list for PBXNativeTarget "FloatingLabelApp" */ = {
			isa = XCConfigurationList;
			buildConfigurations = (
				D89D391A2AC426520026FBFB /* Debug */,
				D89D391B2AC426520026FBFB /* Release */,
			);
			defaultConfigurationIsVisible = 0;
			defaultConfigurationName = Release;
		};
/* End XCConfigurationList section */
	};
	rootObject = D89D38FD2AC426510026FBFB /* Project object */;
}
