// !$*UTF8*$!
{
	archiveVersion = 1;
	classes = {
	};
	objectVersion = 52;
	objects = {

/* Begin PBXBuildFile section */
		D8A59E352AD000C200BACFE7 /* AppDelegate.swift in Sources */ = {isa = PBXBuildFile; fileRef = D8A59E342AD000C200BACFE7 /* AppDelegate.swift */; };
		D8A59E372AD000C200BACFE7 /* SceneDelegate.swift in Sources */ = {isa = PBXBuildFile; fileRef = D8A59E362AD000C200BACFE7 /* SceneDelegate.swift */; };
		D8A59E392AD000C200BACFE7 /* ViewController.swift in Sources */ = {isa = PBXBuildFile; fileRef = D8A59E382AD000C200BACFE7 /* ViewController.swift */; };
		D8A59E3C2AD000C200BACFE7 /* Main.storyboard in Resources */ = {isa = PBXBuildFile; fileRef = D8A59E3A2AD000C200BACFE7 /* Main.storyboard */; };
		D8A59E3E2AD000C300BACFE7 /* Assets.xcassets in Resources */ = {isa = PBXBuildFile; fileRef = D8A59E3D2AD000C300BACFE7 /* Assets.xcassets */; };
		D8A59E412AD000C300BACFE7 /* LaunchScreen.storyboard in Resources */ = {isa = PBXBuildFile; fileRef = D8A59E3F2AD000C300BACFE7 /* LaunchScreen.storyboard */; };
		D8A59E572AD0018600BACFE7 /* GoogleMapsBase in Frameworks */ = {isa = PBXBuildFile; productRef = D8A59E562AD0018600BACFE7 /* GoogleMapsBase */; };
		D8A59E592AD0018600BACFE7 /* GooglePlaces in Frameworks */ = {isa = PBXBuildFile; productRef = D8A59E582AD0018600BACFE7 /* GooglePlaces */; };
		D8A59E5B2AD0018600BACFE7 /* GoogleMapsM4B in Frameworks */ = {isa = PBXBuildFile; productRef = D8A59E5A2AD0018600BACFE7 /* GoogleMapsM4B */; };
		D8A59E5D2AD0018600BACFE7 /* GoogleMapsCore in Frameworks */ = {isa = PBXBuildFile; productRef = D8A59E5C2AD0018600BACFE7 /* GoogleMapsCore */; };
		D8A59E5F2AD0018600BACFE7 /* GoogleMaps in Frameworks */ = {isa = PBXBuildFile; productRef = D8A59E5E2AD0018600BACFE7 /* GoogleMaps */; };
/* End PBXBuildFile section */

/* Begin PBXFileReference section */
		D8A59E312AD000C200BACFE7 /* GoogleMAPApp.app */ = {isa = PBXFileReference; explicitFileType = wrapper.application; includeInIndex = 0; path = GoogleMAPApp.app; sourceTree = BUILT_PRODUCTS_DIR; };
		D8A59E342AD000C200BACFE7 /* AppDelegate.swift */ = {isa = PBXFileReference; lastKnownFileType = sourcecode.swift; path = AppDelegate.swift; sourceTree = "<group>"; };
		D8A59E362AD000C200BACFE7 /* SceneDelegate.swift */ = {isa = PBXFileReference; lastKnownFileType = sourcecode.swift; path = SceneDelegate.swift; sourceTree = "<group>"; };
		D8A59E382AD000C200BACFE7 /* ViewController.swift */ = {isa = PBXFileReference; lastKnownFileType = sourcecode.swift; path = ViewController.swift; sourceTree = "<group>"; };
		D8A59E3B2AD000C200BACFE7 /* Base */ = {isa = PBXFileReference; lastKnownFileType = file.storyboard; name = Base; path = Base.lproj/Main.storyboard; sourceTree = "<group>"; };
		D8A59E3D2AD000C300BACFE7 /* Assets.xcassets */ = {isa = PBXFileReference; lastKnownFileType = folder.assetcatalog; path = Assets.xcassets; sourceTree = "<group>"; };
		D8A59E402AD000C300BACFE7 /* Base */ = {isa = PBXFileReference; lastKnownFileType = file.storyboard; name = Base; path = Base.lproj/LaunchScreen.storyboard; sourceTree = "<group>"; };
		D8A59E422AD000C300BACFE7 /* Info.plist */ = {isa = PBXFileReference; lastKnownFileType = text.plist.xml; path = Info.plist; sourceTree = "<group>"; };
/* End PBXFileReference section */

/* Begin PBXFrameworksBuildPhase section */
		D8A59E2E2AD000C200BACFE7 /* Frameworks */ = {
			isa = PBXFrameworksBuildPhase;
			buildActionMask = 2147483647;
			files = (
				D8A59E5B2AD0018600BACFE7 /* GoogleMapsM4B in Frameworks */,
				D8A59E5D2AD0018600BACFE7 /* GoogleMapsCore in Frameworks */,
				D8A59E5F2AD0018600BACFE7 /* GoogleMaps in Frameworks */,
				D8A59E572AD0018600BACFE7 /* GoogleMapsBase in Frameworks */,
				D8A59E592AD0018600BACFE7 /* GooglePlaces in Frameworks */,
			);
			runOnlyForDeploymentPostprocessing = 0;
		};
/* End PBXFrameworksBuildPhase section */

/* Begin PBXGroup section */
		D8A59E282AD000C200BACFE7 = {
			isa = PBXGroup;
			children = (
				D8A59E332AD000C200BACFE7 /* GoogleMAPApp */,
				D8A59E322AD000C200BACFE7 /* Products */,
			);
			sourceTree = "<group>";
		};
		D8A59E322AD000C200BACFE7 /* Products */ = {
			isa = PBXGroup;
			children = (
				D8A59E312AD000C200BACFE7 /* GoogleMAPApp.app */,
			);
			name = Products;
			sourceTree = "<group>";
		};
		D8A59E332AD000C200BACFE7 /* GoogleMAPApp */ = {
			isa = PBXGroup;
			children = (
				D8A59E342AD000C200BACFE7 /* AppDelegate.swift */,
				D8A59E362AD000C200BACFE7 /* SceneDelegate.swift */,
				D8A59E382AD000C200BACFE7 /* ViewController.swift */,
				D8A59E3A2AD000C200BACFE7 /* Main.storyboard */,
				D8A59E3D2AD000C300BACFE7 /* Assets.xcassets */,
				D8A59E3F2AD000C300BACFE7 /* LaunchScreen.storyboard */,
				D8A59E422AD000C300BACFE7 /* Info.plist */,
			);
			path = GoogleMAPApp;
			sourceTree = "<group>";
		};
/* End PBXGroup section */

/* Begin PBXNativeTarget section */
		D8A59E302AD000C200BACFE7 /* GoogleMAPApp */ = {
			isa = PBXNativeTarget;
			buildConfigurationList = D8A59E452AD000C300BACFE7 /* Build configuration list for PBXNativeTarget "GoogleMAPApp" */;
			buildPhases = (
				D8A59E2D2AD000C200BACFE7 /* Sources */,
				D8A59E2E2AD000C200BACFE7 /* Frameworks */,
				D8A59E2F2AD000C200BACFE7 /* Resources */,
			);
			buildRules = (
			);
			dependencies = (
			);
			name = GoogleMAPApp;
			packageProductDependencies = (
				D8A59E562AD0018600BACFE7 /* GoogleMapsBase */,
				D8A59E582AD0018600BACFE7 /* GooglePlaces */,
				D8A59E5A2AD0018600BACFE7 /* GoogleMapsM4B */,
				D8A59E5C2AD0018600BACFE7 /* GoogleMapsCore */,
				D8A59E5E2AD0018600BACFE7 /* GoogleMaps */,
			);
			productName = GoogleMAPApp;
			productReference = D8A59E312AD000C200BACFE7 /* GoogleMAPApp.app */;
			productType = "com.apple.product-type.application";
		};
/* End PBXNativeTarget section */

/* Begin PBXProject section */
		D8A59E292AD000C200BACFE7 /* Project object */ = {
			isa = PBXProject;
			attributes = {
				LastSwiftUpdateCheck = 1240;
				LastUpgradeCheck = 1240;
				TargetAttributes = {
					D8A59E302AD000C200BACFE7 = {
						CreatedOnToolsVersion = 12.4;
					};
				};
			};
			buildConfigurationList = D8A59E2C2AD000C200BACFE7 /* Build configuration list for PBXProject "GoogleMAPApp" */;
			compatibilityVersion = "Xcode 9.3";
			developmentRegion = en;
			hasScannedForEncodings = 0;
			knownRegions = (
				en,
				Base,
			);
			mainGroup = D8A59E282AD000C200BACFE7;
			packageReferences = (
				D8A59E552AD0018600BACFE7 /* XCRemoteSwiftPackageReference "GoogleMaps-SP" */,
			);
			productRefGroup = D8A59E322AD000C200BACFE7 /* Products */;
			projectDirPath = "";
			projectRoot = "";
			targets = (
				D8A59E302AD000C200BACFE7 /* GoogleMAPApp */,
			);
		};
/* End PBXProject section */

/* Begin PBXResourcesBuildPhase section */
		D8A59E2F2AD000C200BACFE7 /* Resources */ = {
			isa = PBXResourcesBuildPhase;
			buildActionMask = 2147483647;
			files = (
				D8A59E412AD000C300BACFE7 /* LaunchScreen.storyboard in Resources */,
				D8A59E3E2AD000C300BACFE7 /* Assets.xcassets in Resources */,
				D8A59E3C2AD000C200BACFE7 /* Main.storyboard in Resources */,
			);
			runOnlyForDeploymentPostprocessing = 0;
		};
/* End PBXResourcesBuildPhase section */

/* Begin PBXSourcesBuildPhase section */
		D8A59E2D2AD000C200BACFE7 /* Sources */ = {
			isa = PBXSourcesBuildPhase;
			buildActionMask = 2147483647;
			files = (
				D8A59E392AD000C200BACFE7 /* ViewController.swift in Sources */,
				D8A59E352AD000C200BACFE7 /* AppDelegate.swift in Sources */,
				D8A59E372AD000C200BACFE7 /* SceneDelegate.swift in Sources */,
			);
			runOnlyForDeploymentPostprocessing = 0;
		};
/* End PBXSourcesBuildPhase section */

/* Begin PBXVariantGroup section */
		D8A59E3A2AD000C200BACFE7 /* Main.storyboard */ = {
			isa = PBXVariantGroup;
			children = (
				D8A59E3B2AD000C200BACFE7 /* Base */,
			);
			name = Main.storyboard;
			sourceTree = "<group>";
		};
		D8A59E3F2AD000C300BACFE7 /* LaunchScreen.storyboard */ = {
			isa = PBXVariantGroup;
			children = (
				D8A59E402AD000C300BACFE7 /* Base */,
			);
			name = LaunchScreen.storyboard;
			sourceTree = "<group>";
		};
/* End PBXVariantGroup section */

/* Begin XCBuildConfiguration section */
		D8A59E432AD000C300BACFE7 /* Debug */ = {
			isa = XCBuildConfiguration;
			buildSettings = {
				ALWAYS_SEARCH_USER_PATHS = NO;
				CLANG_ANALYZER_NONNULL = YES;
				CLANG_ANALYZER_NUMBER_OBJECT_CONVERSION = YES_AGGRESSIVE;
				CLANG_CXX_LANGUAGE_STANDARD = "gnu++14";
				CLANG_CXX_LIBRARY = "libc++";
				CLANG_ENABLE_MODULES = YES;
				CLANG_ENABLE_OBJC_ARC = YES;
				CLANG_ENABLE_OBJC_WEAK = YES;
				CLANG_WARN_BLOCK_CAPTURE_AUTORELEASING = YES;
				CLANG_WARN_BOOL_CONVERSION = YES;
				CLANG_WARN_COMMA = YES;
				CLANG_WARN_CONSTANT_CONVERSION = YES;
				CLANG_WARN_DEPRECATED_OBJC_IMPLEMENTATIONS = YES;
				CLANG_WARN_DIRECT_OBJC_ISA_USAGE = YES_ERROR;
				CLANG_WARN_DOCUMENTATION_COMMENTS = YES;
				CLANG_WARN_EMPTY_BODY = YES;
				CLANG_WARN_ENUM_CONVERSION = YES;
				CLANG_WARN_INFINITE_RECURSION = YES;
				CLANG_WARN_INT_CONVERSION = YES;
				CLANG_WARN_NON_LITERAL_NULL_CONVERSION = YES;
				CLANG_WARN_OBJC_IMPLICIT_RETAIN_SELF = YES;
				CLANG_WARN_OBJC_LITERAL_CONVERSION = YES;
				CLANG_WARN_OBJC_ROOT_CLASS = YES_ERROR;
				CLANG_WARN_QUOTED_INCLUDE_IN_FRAMEWORK_HEADER = YES;
				CLANG_WARN_RANGE_LOOP_ANALYSIS = YES;
				CLANG_WARN_STRICT_PROTOTYPES = YES;
				CLANG_WARN_SUSPICIOUS_MOVE = YES;
				CLANG_WARN_UNGUARDED_AVAILABILITY = YES_AGGRESSIVE;
				CLANG_WARN_UNREACHABLE_CODE = YES;
				CLANG_WARN__DUPLICATE_METHOD_MATCH = YES;
				COPY_PHASE_STRIP = NO;
				DEBUG_INFORMATION_FORMAT = dwarf;
				ENABLE_STRICT_OBJC_MSGSEND = YES;
				ENABLE_TESTABILITY = YES;
				GCC_C_LANGUAGE_STANDARD = gnu11;
				GCC_DYNAMIC_NO_PIC = NO;
				GCC_NO_COMMON_BLOCKS = YES;
				GCC_OPTIMIZATION_LEVEL = 0;
				GCC_PREPROCESSOR_DEFINITIONS = (
					"DEBUG=1",
					"$(inherited)",
				);
				GCC_WARN_64_TO_32_BIT_CONVERSION = YES;
				GCC_WARN_ABOUT_RETURN_TYPE = YES_ERROR;
				GCC_WARN_UNDECLARED_SELECTOR = YES;
				GCC_WARN_UNINITIALIZED_AUTOS = YES_AGGRESSIVE;
				GCC_WARN_UNUSED_FUNCTION = YES;
				GCC_WARN_UNUSED_VARIABLE = YES;
				IPHONEOS_DEPLOYMENT_TARGET = 14.4;
				MTL_ENABLE_DEBUG_INFO = INCLUDE_SOURCE;
				MTL_FAST_MATH = YES;
				ONLY_ACTIVE_ARCH = YES;
				SDKROOT = iphoneos;
				SWIFT_ACTIVE_COMPILATION_CONDITIONS = DEBUG;
				SWIFT_OPTIMIZATION_LEVEL = "-Onone";
			};
			name = Debug;
		};
		D8A59E442AD000C300BACFE7 /* Release */ = {
			isa = XCBuildConfiguration;
			buildSettings = {
				ALWAYS_SEARCH_USER_PATHS = NO;
				CLANG_ANALYZER_NONNULL = YES;
				CLANG_ANALYZER_NUMBER_OBJECT_CONVERSION = YES_AGGRESSIVE;
				CLANG_CXX_LANGUAGE_STANDARD = "gnu++14";
				CLANG_CXX_LIBRARY = "libc++";
				CLANG_ENABLE_MODULES = YES;
				CLANG_ENABLE_OBJC_ARC = YES;
				CLANG_ENABLE_OBJC_WEAK = YES;
				CLANG_WARN_BLOCK_CAPTURE_AUTORELEASING = YES;
				CLANG_WARN_BOOL_CONVERSION = YES;
				CLANG_WARN_COMMA = YES;
				CLANG_WARN_CONSTANT_CONVERSION = YES;
				CLANG_WARN_DEPRECATED_OBJC_IMPLEMENTATIONS = YES;
				CLANG_WARN_DIRECT_OBJC_ISA_USAGE = YES_ERROR;
				CLANG_WARN_DOCUMENTATION_COMMENTS = YES;
				CLANG_WARN_EMPTY_BODY = YES;
				CLANG_WARN_ENUM_CONVERSION = YES;
				CLANG_WARN_INFINITE_RECURSION = YES;
				CLANG_WARN_INT_CONVERSION = YES;
				CLANG_WARN_NON_LITERAL_NULL_CONVERSION = YES;
				CLANG_WARN_OBJC_IMPLICIT_RETAIN_SELF = YES;
				CLANG_WARN_OBJC_LITERAL_CONVERSION = YES;
				CLANG_WARN_OBJC_ROOT_CLASS = YES_ERROR;
				CLANG_WARN_QUOTED_INCLUDE_IN_FRAMEWORK_HEADER = YES;
				CLANG_WARN_RANGE_LOOP_ANALYSIS = YES;
				CLANG_WARN_STRICT_PROTOTYPES = YES;
				CLANG_WARN_SUSPICIOUS_MOVE = YES;
				CLANG_WARN_UNGUARDED_AVAILABILITY = YES_AGGRESSIVE;
				CLANG_WARN_UNREACHABLE_CODE = YES;
				CLANG_WARN__DUPLICATE_METHOD_MATCH = YES;
				COPY_PHASE_STRIP = NO;
				DEBUG_INFORMATION_FORMAT = "dwarf-with-dsym";
				ENABLE_NS_ASSERTIONS = NO;
				ENABLE_STRICT_OBJC_MSGSEND = YES;
				GCC_C_LANGUAGE_STANDARD = gnu11;
				GCC_NO_COMMON_BLOCKS = YES;
				GCC_WARN_64_TO_32_BIT_CONVERSION = YES;
				GCC_WARN_ABOUT_RETURN_TYPE = YES_ERROR;
				GCC_WARN_UNDECLARED_SELECTOR = YES;
				GCC_WARN_UNINITIALIZED_AUTOS = YES_AGGRESSIVE;
				GCC_WARN_UNUSED_FUNCTION = YES;
				GCC_WARN_UNUSED_VARIABLE = YES;
				IPHONEOS_DEPLOYMENT_TARGET = 14.4;
				MTL_ENABLE_DEBUG_INFO = NO;
				MTL_FAST_MATH = YES;
				SDKROOT = iphoneos;
				SWIFT_COMPILATION_MODE = wholemodule;
				SWIFT_OPTIMIZATION_LEVEL = "-O";
				VALIDATE_PRODUCT = YES;
			};
			name = Release;
		};
		D8A59E462AD000C300BACFE7 /* Debug */ = {
			isa = XCBuildConfiguration;
			buildSettings = {
				ASSETCATALOG_COMPILER_APPICON_NAME = AppIcon;
				ASSETCATALOG_COMPILER_GLOBAL_ACCENT_COLOR_NAME = AccentColor;
				CODE_SIGN_STYLE = Automatic;
				INFOPLIST_FILE = GoogleMAPApp/Info.plist;
				LD_RUNPATH_SEARCH_PATHS = (
					"$(inherited)",
					"@executable_path/Frameworks",
				);
				PRODUCT_BUNDLE_IDENTIFIER = SS.GoogleMAPApp;
				PRODUCT_NAME = "$(TARGET_NAME)";
				SWIFT_VERSION = 5.0;
				TARGETED_DEVICE_FAMILY = "1,2";
			};
			name = Debug;
		};
		D8A59E472AD000C300BACFE7 /* Release */ = {
			isa = XCBuildConfiguration;
			buildSettings = {
				ASSETCATALOG_COMPILER_APPICON_NAME = AppIcon;
				ASSETCATALOG_COMPILER_GLOBAL_ACCENT_COLOR_NAME = AccentColor;
				CODE_SIGN_STYLE = Automatic;
				INFOPLIST_FILE = GoogleMAPApp/Info.plist;
				LD_RUNPATH_SEARCH_PATHS = (
					"$(inherited)",
					"@executable_path/Frameworks",
				);
				PRODUCT_BUNDLE_IDENTIFIER = SS.GoogleMAPApp;
				PRODUCT_NAME = "$(TARGET_NAME)";
				SWIFT_VERSION = 5.0;
				TARGETED_DEVICE_FAMILY = "1,2";
			};
			name = Release;
		};
/* End XCBuildConfiguration section */

/* Begin XCConfigurationList section */
		D8A59E2C2AD000C200BACFE7 /* Build configuration list for PBXProject "GoogleMAPApp" */ = {
			isa = XCConfigurationList;
			buildConfigurations = (
				D8A59E432AD000C300BACFE7 /* Debug */,
				D8A59E442AD000C300BACFE7 /* Release */,
			);
			defaultConfigurationIsVisible = 0;
			defaultConfigurationName = Release;
		};
		D8A59E452AD000C300BACFE7 /* Build configuration list for PBXNativeTarget "GoogleMAPApp" */ = {
			isa = XCConfigurationList;
			buildConfigurations = (
				D8A59E462AD000C300BACFE7 /* Debug */,
				D8A59E472AD000C300BACFE7 /* Release */,
			);
			defaultConfigurationIsVisible = 0;
			defaultConfigurationName = Release;
		};
/* End XCConfigurationList section */

/* Begin XCRemoteSwiftPackageReference section */
		D8A59E552AD0018600BACFE7 /* XCRemoteSwiftPackageReference "GoogleMaps-SP" */ = {
			isa = XCRemoteSwiftPackageReference;
			repositoryURL = "https://github.com/YAtechnologies/GoogleMaps-SP.git";
			requirement = {
				kind = upToNextMajorVersion;
				minimumVersion = 7.0.0;
			};
		};
/* End XCRemoteSwiftPackageReference section */

/* Begin XCSwiftPackageProductDependency section */
		D8A59E562AD0018600BACFE7 /* GoogleMapsBase */ = {
			isa = XCSwiftPackageProductDependency;
			package = D8A59E552AD0018600BACFE7 /* XCRemoteSwiftPackageReference "GoogleMaps-SP" */;
			productName = GoogleMapsBase;
		};
		D8A59E582AD0018600BACFE7 /* GooglePlaces */ = {
			isa = XCSwiftPackageProductDependency;
			package = D8A59E552AD0018600BACFE7 /* XCRemoteSwiftPackageReference "GoogleMaps-SP" */;
			productName = GooglePlaces;
		};
		D8A59E5A2AD0018600BACFE7 /* GoogleMapsM4B */ = {
			isa = XCSwiftPackageProductDependency;
			package = D8A59E552AD0018600BACFE7 /* XCRemoteSwiftPackageReference "GoogleMaps-SP" */;
			productName = GoogleMapsM4B;
		};
		D8A59E5C2AD0018600BACFE7 /* GoogleMapsCore */ = {
			isa = XCSwiftPackageProductDependency;
			package = D8A59E552AD0018600BACFE7 /* XCRemoteSwiftPackageReference "GoogleMaps-SP" */;
			productName = GoogleMapsCore;
		};
		D8A59E5E2AD0018600BACFE7 /* GoogleMaps */ = {
			isa = XCSwiftPackageProductDependency;
			package = D8A59E552AD0018600BACFE7 /* XCRemoteSwiftPackageReference "GoogleMaps-SP" */;
			productName = GoogleMaps;
		};
/* End XCSwiftPackageProductDependency section */
	};
	rootObject = D8A59E292AD000C200BACFE7 /* Project object */;
}
